// !$*UTF8*$!
{
	archiveVersion = 1;
	classes = {
	};
	objectVersion = 55;
	objects = {

/* Begin PBXBuildFile section */
		79039F8427D942750016C804 /* PapagoApiSelfApp.swift in Sources */ = {isa = PBXBuildFile; fileRef = 79039F8327D942750016C804 /* PapagoApiSelfApp.swift */; };
		79039F8627D942750016C804 /* ContentView.swift in Sources */ = {isa = PBXBuildFile; fileRef = 79039F8527D942750016C804 /* ContentView.swift */; };
		79039F8827D942750016C804 /* Assets.xcassets in Resources */ = {isa = PBXBuildFile; fileRef = 79039F8727D942750016C804 /* Assets.xcassets */; };
		79039F8B27D942750016C804 /* Preview Assets.xcassets in Resources */ = {isa = PBXBuildFile; fileRef = 79039F8A27D942750016C804 /* Preview Assets.xcassets */; };
		79039F9727D942D90016C804 /* PapagoDataService.swift in Sources */ = {isa = PBXBuildFile; fileRef = 79039F9627D942D90016C804 /* PapagoDataService.swift */; };
		79039F9927D944DF0016C804 /* TranslateModel.swift in Sources */ = {isa = PBXBuildFile; fileRef = 79039F9827D944DF0016C804 /* TranslateModel.swift */; };
		79039F9B27D947920016C804 /* HomeView.swift in Sources */ = {isa = PBXBuildFile; fileRef = 79039F9A27D947920016C804 /* HomeView.swift */; };
		79039F9D27D947A70016C804 /* HomeViewModel.swift in Sources */ = {isa = PBXBuildFile; fileRef = 79039F9C27D947A70016C804 /* HomeViewModel.swift */; };
/* End PBXBuildFile section */

/* Begin PBXFileReference section */
		79039F8027D942750016C804 /* PapagoApiSelf.app */ = {isa = PBXFileReference; explicitFileType = wrapper.application; includeInIndex = 0; path = PapagoApiSelf.app; sourceTree = BUILT_PRODUCTS_DIR; };
		79039F8327D942750016C804 /* PapagoApiSelfApp.swift */ = {isa = PBXFileReference; lastKnownFileType = sourcecode.swift; path = PapagoApiSelfApp.swift; sourceTree = "<group>"; };
		79039F8527D942750016C804 /* ContentView.swift */ = {isa = PBXFileReference; lastKnownFileType = sourcecode.swift; path = ContentView.swift; sourceTree = "<group>"; };
		79039F8727D942750016C804 /* Assets.xcassets */ = {isa = PBXFileReference; lastKnownFileType = folder.assetcatalog; path = Assets.xcassets; sourceTree = "<group>"; };
		79039F8A27D942750016C804 /* Preview Assets.xcassets */ = {isa = PBXFileReference; lastKnownFileType = folder.assetcatalog; path = "Preview Assets.xcassets"; sourceTree = "<group>"; };
		79039F9627D942D90016C804 /* PapagoDataService.swift */ = {isa = PBXFileReference; lastKnownFileType = sourcecode.swift; path = PapagoDataService.swift; sourceTree = "<group>"; };
		79039F9827D944DF0016C804 /* TranslateModel.swift */ = {isa = PBXFileReference; lastKnownFileType = sourcecode.swift; path = TranslateModel.swift; sourceTree = "<group>"; };
		79039F9A27D947920016C804 /* HomeView.swift */ = {isa = PBXFileReference; lastKnownFileType = sourcecode.swift; path = HomeView.swift; sourceTree = "<group>"; };
		79039F9C27D947A70016C804 /* HomeViewModel.swift */ = {isa = PBXFileReference; lastKnownFileType = sourcecode.swift; path = HomeViewModel.swift; sourceTree = "<group>"; };
/* End PBXFileReference section */

/* Begin PBXFrameworksBuildPhase section */
		79039F7D27D942740016C804 /* Frameworks */ = {
			isa = PBXFrameworksBuildPhase;
			buildActionMask = 2147483647;
			files = (
			);
			runOnlyForDeploymentPostprocessing = 0;
		};
/* End PBXFrameworksBuildPhase section */

/* Begin PBXGroup section */
		79039F7727D942740016C804 = {
			isa = PBXGroup;
			children = (
				79039F8227D942750016C804 /* PapagoApiSelf */,
				79039F8127D942750016C804 /* Products */,
			);
			sourceTree = "<group>";
		};
		79039F8127D942750016C804 /* Products */ = {
			isa = PBXGroup;
			children = (
				79039F8027D942750016C804 /* PapagoApiSelf.app */,
			);
			name = Products;
			sourceTree = "<group>";
		};
		79039F8227D942750016C804 /* PapagoApiSelf */ = {
			isa = PBXGroup;
			children = (
				79039F9527D942AB0016C804 /* App */,
				79039F9427D942A30016C804 /* utilities */,
				79039F9327D9429B0016C804 /* Model */,
				79039F9227D942960016C804 /* ViewModel */,
				79039F9127D942920016C804 /* View */,
				79039F8727D942750016C804 /* Assets.xcassets */,
				79039F8927D942750016C804 /* Preview Content */,
			);
			path = PapagoApiSelf;
			sourceTree = "<group>";
		};
		79039F8927D942750016C804 /* Preview Content */ = {
			isa = PBXGroup;
			children = (
				79039F8A27D942750016C804 /* Preview Assets.xcassets */,
			);
			path = "Preview Content";
			sourceTree = "<group>";
		};
		79039F9127D942920016C804 /* View */ = {
			isa = PBXGroup;
			children = (
				79039F9A27D947920016C804 /* HomeView.swift */,
			);
			path = View;
			sourceTree = "<group>";
		};
		79039F9227D942960016C804 /* ViewModel */ = {
			isa = PBXGroup;
			children = (
				79039F9C27D947A70016C804 /* HomeViewModel.swift */,
			);
			path = ViewModel;
			sourceTree = "<group>";
		};
		79039F9327D9429B0016C804 /* Model */ = {
			isa = PBXGroup;
			children = (
				79039F9827D944DF0016C804 /* TranslateModel.swift */,
			);
			path = Model;
			sourceTree = "<group>";
		};
		79039F9427D942A30016C804 /* utilities */ = {
			isa = PBXGroup;
			children = (
				79039F9627D942D90016C804 /* PapagoDataService.swift */,
			);
			path = utilities;
			sourceTree = "<group>";
		};
		79039F9527D942AB0016C804 /* App */ = {
			isa = PBXGroup;
			children = (
				79039F8327D942750016C804 /* PapagoApiSelfApp.swift */,
				79039F8527D942750016C804 /* ContentView.swift */,
			);
			path = App;
			sourceTree = "<group>";
		};
/* End PBXGroup section */

/* Begin PBXNativeTarget section */
		79039F7F27D942740016C804 /* PapagoApiSelf */ = {
			isa = PBXNativeTarget;
			buildConfigurationList = 79039F8E27D942750016C804 /* Build configuration list for PBXNativeTarget "PapagoApiSelf" */;
			buildPhases = (
				79039F7C27D942740016C804 /* Sources */,
				79039F7D27D942740016C804 /* Frameworks */,
				79039F7E27D942740016C804 /* Resources */,
			);
			buildRules = (
			);
			dependencies = (
			);
			name = PapagoApiSelf;
			productName = PapagoApiSelf;
			productReference = 79039F8027D942750016C804 /* PapagoApiSelf.app */;
			productType = "com.apple.product-type.application";
		};
/* End PBXNativeTarget section */

/* Begin PBXProject section */
		79039F7827D942740016C804 /* Project object */ = {
			isa = PBXProject;
			attributes = {
				BuildIndependentTargetsInParallel = 1;
				LastSwiftUpdateCheck = 1330;
				LastUpgradeCheck = 1330;
				TargetAttributes = {
					79039F7F27D942740016C804 = {
						CreatedOnToolsVersion = 13.3;
					};
				};
			};
			buildConfigurationList = 79039F7B27D942740016C804 /* Build configuration list for PBXProject "PapagoApiSelf" */;
			compatibilityVersion = "Xcode 13.0";
			developmentRegion = en;
			hasScannedForEncodings = 0;
			knownRegions = (
				en,
				Base,
			);
			mainGroup = 79039F7727D942740016C804;
			productRefGroup = 79039F8127D942750016C804 /* Products */;
			projectDirPath = "";
			projectRoot = "";
			targets = (
				79039F7F27D942740016C804 /* PapagoApiSelf */,
			);
		};
/* End PBXProject section */

/* Begin PBXResourcesBuildPhase section */
		79039F7E27D942740016C804 /* Resources */ = {
			isa = PBXResourcesBuildPhase;
			buildActionMask = 2147483647;
			files = (
				79039F8B27D942750016C804 /* Preview Assets.xcassets in Resources */,
				79039F8827D942750016C804 /* Assets.xcassets in Resources */,
			);
			runOnlyForDeploymentPostprocessing = 0;
		};
/* End PBXResourcesBuildPhase section */

/* Begin PBXSourcesBuildPhase section */
		79039F7C27D942740016C804 /* Sources */ = {
			isa = PBXSourcesBuildPhase;
			buildActionMask = 2147483647;
			files = (
				79039F8627D942750016C804 /* ContentView.swift in Sources */,
				79039F9D27D947A70016C804 /* HomeViewModel.swift in Sources */,
				79039F9727D942D90016C804 /* PapagoDataService.swift in Sources */,
				79039F9927D944DF0016C804 /* TranslateModel.swift in Sources */,
				79039F9B27D947920016C804 /* HomeView.swift in Sources */,
				79039F8427D942750016C804 /* PapagoApiSelfApp.swift in Sources */,
			);
			runOnlyForDeploymentPostprocessing = 0;
		};
/* End PBXSourcesBuildPhase section */

/* Begin XCBuildConfiguration section */
		79039F8C27D942750016C804 /* Debug */ = {
			isa = XCBuildConfiguration;
			buildSettings = {
				ALWAYS_SEARCH_USER_PATHS = NO;
				CLANG_ANALYZER_NONNULL = YES;
				CLANG_ANALYZER_NUMBER_OBJECT_CONVERSION = YES_AGGRESSIVE;
				CLANG_CXX_LANGUAGE_STANDARD = "gnu++17";
				CLANG_ENABLE_MODULES = YES;
				CLANG_ENABLE_OBJC_ARC = YES;
				CLANG_ENABLE_OBJC_WEAK = YES;
				CLANG_WARN_BLOCK_CAPTURE_AUTORELEASING = YES;
				CLANG_WARN_BOOL_CONVERSION = YES;
				CLANG_WARN_COMMA = YES;
				CLANG_WARN_CONSTANT_CONVERSION = YES;
				CLANG_WARN_DEPRECATED_OBJC_IMPLEMENTATIONS = YES;
				CLANG_WARN_DIRECT_OBJC_ISA_USAGE = YES_ERROR;
				CLANG_WARN_DOCUMENTATION_COMMENTS = YES;
				CLANG_WARN_EMPTY_BODY = YES;
				CLANG_WARN_ENUM_CONVERSION = YES;
				CLANG_WARN_INFINITE_RECURSION = YES;
				CLANG_WARN_INT_CONVERSION = YES;
				CLANG_WARN_NON_LITERAL_NULL_CONVERSION = YES;
				CLANG_WARN_OBJC_IMPLICIT_RETAIN_SELF = YES;
				CLANG_WARN_OBJC_LITERAL_CONVERSION = YES;
				CLANG_WARN_OBJC_ROOT_CLASS = YES_ERROR;
				CLANG_WARN_QUOTED_INCLUDE_IN_FRAMEWORK_HEADER = YES;
				CLANG_WARN_RANGE_LOOP_ANALYSIS = YES;
				CLANG_WARN_STRICT_PROTOTYPES = YES;
				CLANG_WARN_SUSPICIOUS_MOVE = YES;
				CLANG_WARN_UNGUARDED_AVAILABILITY = YES_AGGRESSIVE;
				CLANG_WARN_UNREACHABLE_CODE = YES;
				CLANG_WARN__DUPLICATE_METHOD_MATCH = YES;
				COPY_PHASE_STRIP = NO;
				DEBUG_INFORMATION_FORMAT = dwarf;
				ENABLE_STRICT_OBJC_MSGSEND = YES;
				ENABLE_TESTABILITY = YES;
				GCC_C_LANGUAGE_STANDARD = gnu11;
				GCC_DYNAMIC_NO_PIC = NO;
				GCC_NO_COMMON_BLOCKS = YES;
				GCC_OPTIMIZATION_LEVEL = 0;
				GCC_PREPROCESSOR_DEFINITIONS = (
					"DEBUG=1",
					"$(inherited)",
				);
				GCC_WARN_64_TO_32_BIT_CONVERSION = YES;
				GCC_WARN_ABOUT_RETURN_TYPE = YES_ERROR;
				GCC_WARN_UNDECLARED_SELECTOR = YES;
				GCC_WARN_UNINITIALIZED_AUTOS = YES_AGGRESSIVE;
				GCC_WARN_UNUSED_FUNCTION = YES;
				GCC_WARN_UNUSED_VARIABLE = YES;
				IPHONEOS_DEPLOYMENT_TARGET = 15.4;
				MTL_ENABLE_DEBUG_INFO = INCLUDE_SOURCE;
				MTL_FAST_MATH = YES;
				ONLY_ACTIVE_ARCH = YES;
				SDKROOT = iphoneos;
				SWIFT_ACTIVE_COMPILATION_CONDITIONS = DEBUG;
				SWIFT_OPTIMIZATION_LEVEL = "-Onone";
			};
			name = Debug;
		};
		79039F8D27D942750016C804 /* Release */ = {
			isa = XCBuildConfiguration;
			buildSettings = {
				ALWAYS_SEARCH_USER_PATHS = NO;
				CLANG_ANALYZER_NONNULL = YES;
				CLANG_ANALYZER_NUMBER_OBJECT_CONVERSION = YES_AGGRESSIVE;
				CLANG_CXX_LANGUAGE_STANDARD = "gnu++17";
				CLANG_ENABLE_MODULES = YES;
				CLANG_ENABLE_OBJC_ARC = YES;
				CLANG_ENABLE_OBJC_WEAK = YES;
				CLANG_WARN_BLOCK_CAPTURE_AUTORELEASING = YES;
				CLANG_WARN_BOOL_CONVERSION = YES;
				CLANG_WARN_COMMA = YES;
				CLANG_WARN_CONSTANT_CONVERSION = YES;
				CLANG_WARN_DEPRECATED_OBJC_IMPLEMENTATIONS = YES;
				CLANG_WARN_DIRECT_OBJC_ISA_USAGE = YES_ERROR;
				CLANG_WARN_DOCUMENTATION_COMMENTS = YES;
				CLANG_WARN_EMPTY_BODY = YES;
				CLANG_WARN_ENUM_CONVERSION = YES;
				CLANG_WARN_INFINITE_RECURSION = YES;
				CLANG_WARN_INT_CONVERSION = YES;
				CLANG_WARN_NON_LITERAL_NULL_CONVERSION = YES;
				CLANG_WARN_OBJC_IMPLICIT_RETAIN_SELF = YES;
				CLANG_WARN_OBJC_LITERAL_CONVERSION = YES;
				CLANG_WARN_OBJC_ROOT_CLASS = YES_ERROR;
				CLANG_WARN_QUOTED_INCLUDE_IN_FRAMEWORK_HEADER = YES;
				CLANG_WARN_RANGE_LOOP_ANALYSIS = YES;
				CLANG_WARN_STRICT_PROTOTYPES = YES;
				CLANG_WARN_SUSPICIOUS_MOVE = YES;
				CLANG_WARN_UNGUARDED_AVAILABILITY = YES_AGGRESSIVE;
				CLANG_WARN_UNREACHABLE_CODE = YES;
				CLANG_WARN__DUPLICATE_METHOD_MATCH = YES;
				COPY_PHASE_STRIP = NO;
				DEBUG_INFORMATION_FORMAT = "dwarf-with-dsym";
				ENABLE_NS_ASSERTIONS = NO;
				ENABLE_STRICT_OBJC_MSGSEND = YES;
				GCC_C_LANGUAGE_STANDARD = gnu11;
				GCC_NO_COMMON_BLOCKS = YES;
				GCC_WARN_64_TO_32_BIT_CONVERSION = YES;
				GCC_WARN_ABOUT_RETURN_TYPE = YES_ERROR;
				GCC_WARN_UNDECLARED_SELECTOR = YES;
				GCC_WARN_UNINITIALIZED_AUTOS = YES_AGGRESSIVE;
				GCC_WARN_UNUSED_FUNCTION = YES;
				GCC_WARN_UNUSED_VARIABLE = YES;
				IPHONEOS_DEPLOYMENT_TARGET = 15.4;
				MTL_ENABLE_DEBUG_INFO = NO;
				MTL_FAST_MATH = YES;
				SDKROOT = iphoneos;
				SWIFT_COMPILATION_MODE = wholemodule;
				SWIFT_OPTIMIZATION_LEVEL = "-O";
				VALIDATE_PRODUCT = YES;
			};
			name = Release;
		};
		79039F8F27D942750016C804 /* Debug */ = {
			isa = XCBuildConfiguration;
			buildSettings = {
				ASSETCATALOG_COMPILER_APPICON_NAME = AppIcon;
				ASSETCATALOG_COMPILER_GLOBAL_ACCENT_COLOR_NAME = AccentColor;
				CODE_SIGN_STYLE = Automatic;
				CURRENT_PROJECT_VERSION = 1;
				DEVELOPMENT_ASSET_PATHS = "\"PapagoApiSelf/Preview Content\"";
				DEVELOPMENT_TEAM = SRJSV34WBB;
				ENABLE_PREVIEWS = YES;
				GENERATE_INFOPLIST_FILE = YES;
				INFOPLIST_KEY_UIApplicationSceneManifest_Generation = YES;
				INFOPLIST_KEY_UIApplicationSupportsIndirectInputEvents = YES;
				INFOPLIST_KEY_UILaunchScreen_Generation = YES;
				INFOPLIST_KEY_UISupportedInterfaceOrientations_iPad = "UIInterfaceOrientationPortrait UIInterfaceOrientationPortraitUpsideDown UIInterfaceOrientationLandscapeLeft UIInterfaceOrientationLandscapeRight";
				INFOPLIST_KEY_UISupportedInterfaceOrientations_iPhone = "UIInterfaceOrientationPortrait UIInterfaceOrientationLandscapeLeft UIInterfaceOrientationLandscapeRight";
				LD_RUNPATH_SEARCH_PATHS = (
					"$(inherited)",
					"@executable_path/Frameworks",
				);
				MARKETING_VERSION = 1.0;
				PRODUCT_BUNDLE_IDENTIFIER = leeky16498Dev.PapagoApiSelf;
				PRODUCT_NAME = "$(TARGET_NAME)";
				SWIFT_EMIT_LOC_STRINGS = YES;
				SWIFT_VERSION = 5.0;
				TARGETED_DEVICE_FAMILY = "1,2";
			};
			name = Debug;
		};
		79039F9027D942750016C804 /* Release */ = {
			isa = XCBuildConfiguration;
			buildSettings = {
				ASSETCATALOG_COMPILER_APPICON_NAME = AppIcon;
				ASSETCATALOG_COMPILER_GLOBAL_ACCENT_COLOR_NAME = AccentColor;
				CODE_SIGN_STYLE = Automatic;
				CURRENT_PROJECT_VERSION = 1;
				DEVELOPMENT_ASSET_PATHS = "\"PapagoApiSelf/Preview Content\"";
				DEVELOPMENT_TEAM = SRJSV34WBB;
				ENABLE_PREVIEWS = YES;
				GENERATE_INFOPLIST_FILE = YES;
				INFOPLIST_KEY_UIApplicationSceneManifest_Generation = YES;
				INFOPLIST_KEY_UIApplicationSupportsIndirectInputEvents = YES;
				INFOPLIST_KEY_UILaunchScreen_Generation = YES;
				INFOPLIST_KEY_UISupportedInterfaceOrientations_iPad = "UIInterfaceOrientationPortrait UIInterfaceOrientationPortraitUpsideDown UIInterfaceOrientationLandscapeLeft UIInterfaceOrientationLandscapeRight";
				INFOPLIST_KEY_UISupportedInterfaceOrientations_iPhone = "UIInterfaceOrientationPortrait UIInterfaceOrientationLandscapeLeft UIInterfaceOrientationLandscapeRight";
				LD_RUNPATH_SEARCH_PATHS = (
					"$(inherited)",
					"@executable_path/Frameworks",
				);
				MARKETING_VERSION = 1.0;
				PRODUCT_BUNDLE_IDENTIFIER = leeky16498Dev.PapagoApiSelf;
				PRODUCT_NAME = "$(TARGET_NAME)";
				SWIFT_EMIT_LOC_STRINGS = YES;
				SWIFT_VERSION = 5.0;
				TARGETED_DEVICE_FAMILY = "1,2";
			};
			name = Release;
		};
/* End XCBuildConfiguration section */

/* Begin XCConfigurationList section */
		79039F7B27D942740016C804 /* Build configuration list for PBXProject "PapagoApiSelf" */ = {
			isa = XCConfigurationList;
			buildConfigurations = (
				79039F8C27D942750016C804 /* Debug */,
				79039F8D27D942750016C804 /* Release */,
			);
			defaultConfigurationIsVisible = 0;
			defaultConfigurationName = Release;
		};
		79039F8E27D942750016C804 /* Build configuration list for PBXNativeTarget "PapagoApiSelf" */ = {
			isa = XCConfigurationList;
			buildConfigurations = (
				79039F8F27D942750016C804 /* Debug */,
				79039F9027D942750016C804 /* Release */,
			);
			defaultConfigurationIsVisible = 0;
			defaultConfigurationName = Release;
		};
/* End XCConfigurationList section */
	};
	rootObject = 79039F7827D942740016C804 /* Project object */;
}
